{
  "name": "la",
  "lockfileVersion": 2,
  "requires": true,
  "packages": {
    "": {
      "dependencies": {
        "nextjs": "^0.0.3",
        "nodemailer": "^7.0.12"
      }
    },
    "node_modules/nextjs": {
      "version": "0.0.3",
      "resolved": "https://registry.npmjs.org/nextjs/-/nextjs-0.0.3.tgz",
      "integrity": "sha512-mYbDUo4/sRAZ8TqK63PCpYnFiLg7BICG/ot9+guOrUKd4/Fo71ZmEQ41IZbH6nqbQvG7SXTBuofJXAIWfNho0w==",
      "engines": {
        "node": ">=0.8.21"
      }
    },
    "node_modules/nodemailer": {
      "version": "7.0.12",
      "resolved": "https://registry.npmjs.org/nodemailer/-/nodemailer-7.0.12.tgz",
      "integrity": "sha512-H+rnK5bX2Pi/6ms3sN4/jRQvYSMltV6vqup/0SFOrxYYY/qoNvhXPlYq3e+Pm9RFJRwrMGbMIwi81M4dxpomhA==",
      "engines": {
        "node": ">=6.0.0"
      }
    }
  },
  "dependencies": {
    "nextjs": {
      "version": "0.0.3",
      "resolved": "https://registry.npmjs.org/nextjs/-/nextjs-0.0.3.tgz",
      "integrity": "sha512-mYbDUo4/sRAZ8TqK63PCpYnFiLg7BICG/ot9+guOrUKd4/Fo71ZmEQ41IZbH6nqbQvG7SXTBuofJXAIWfNho0w=="
    },
    "nodemailer": {
      "version": "7.0.12",
      "resolved": "https://registry.npmjs.org/nodemailer/-/nodemailer-7.0.12.tgz",
      "integrity": "sha512-H+rnK5bX2Pi/6ms3sN4/jRQvYSMltV6vqup/0SFOrxYYY/qoNvhXPlYq3e+Pm9RFJRwrMGbMIwi81M4dxpomhA=="
    }
  }
}
